
Microsoft Visual Studio Solution File, Format Version 11.00
# Visual Studio 2010
Project("{8BC9CEB8-8B4A-11D0-8D11-00A0C91BC942}") = "GoldenBoot474", "gui\GUI.vcxproj", "{3CE7ACBC-D86F-4530-A3A5-72E2A88A23CC}"
EndProject
Project("{8BC9CEB8-8B4A-11D0-8D11-00A0C91BC942}") = "SerialTest", "SerialTest\SerialTest\SerialTest.vcxproj", "{CA7B1FAA-EAEA-4BF4-9634-E75B3FD304C9}"
EndProject
Global
	GlobalSection(SolutionConfigurationPlatforms) = preSolution
		Debug|Win32 = Debug|Win32
		Release|Win32 = Release|Win32
	EndGlobalSection
	GlobalSection(ProjectConfigurationPlatforms) = postSolution
		{3CE7ACBC-D86F-4530-A3A5-72E2A88A23CC}.Debug|Win32.ActiveCfg = Debug|Win32
		{3CE7ACBC-D86F-4530-A3A5-72E2A88A23CC}.Debug|Win32.Build.0 = Debug|Win32
		{3CE7ACBC-D86F-4530-A3A5-72E2A88A23CC}.Release|Win32.ActiveCfg = Release|Win32
		{3CE7ACBC-D86F-4530-A3A5-72E2A88A23CC}.Release|Win32.Build.0 = Release|Win32
		{CA7B1FAA-EAEA-4BF4-9634-E75B3FD304C9}.Debug|Win32.ActiveCfg = Debug|Win32
		{CA7B1FAA-EAEA-4BF4-9634-E75B3FD304C9}.Debug|Win32.Build.0 = Debug|Win32
		{CA7B1FAA-EAEA-4BF4-9634-E75B3FD304C9}.Release|Win32.ActiveCfg = Release|Win32
		{CA7B1FAA-EAEA-4BF4-9634-E75B3FD304C9}.Release|Win32.Build.0 = Release|Win32
	EndGlobalSection
	GlobalSection(SolutionProperties) = preSolution
		HideSolutionNode = FALSE
	EndGlobalSection
EndGlobal
