
Microsoft Visual Studio Solution File, Format Version 11.00
# Visual Studio 2010
Project("{8BC9CEB8-8B4A-11D0-8D11-00A0C91BC942}") = "GoldenBoot474", "gui\GUI.vcxproj", "{3CE7ACBC-D86F-4530-A3A5-72E2A88A23CC}"
EndProject
Project("{8BC9CEB8-8B4A-11D0-8D11-00A0C91BC942}") = "SerialCOMM", "SerialCOMM\SerialCOMM.vcxproj", "{2AF64851-D005-44DD-82BA-FBB42846B9D8}"
EndProject
Project("{8BC9CEB8-8B4A-11D0-8D11-00A0C91BC942}") = "robotAlgorithm", "gui\robotAlgorithm.vcxproj", "{403DC96F-B2C6-4C36-A1D2-2853B84E62C9}"
EndProject
Global
	GlobalSection(SolutionConfigurationPlatforms) = preSolution
		Debug|Win32 = Debug|Win32
		Release|Win32 = Release|Win32
	EndGlobalSection
	GlobalSection(ProjectConfigurationPlatforms) = postSolution
		{3CE7ACBC-D86F-4530-A3A5-72E2A88A23CC}.Debug|Win32.ActiveCfg = Debug|Win32
		{3CE7ACBC-D86F-4530-A3A5-72E2A88A23CC}.Debug|Win32.Build.0 = Debug|Win32
		{3CE7ACBC-D86F-4530-A3A5-72E2A88A23CC}.Release|Win32.ActiveCfg = Release|Win32
		{3CE7ACBC-D86F-4530-A3A5-72E2A88A23CC}.Release|Win32.Build.0 = Release|Win32
		{2AF64851-D005-44DD-82BA-FBB42846B9D8}.Debug|Win32.ActiveCfg = Debug|Win32
		{2AF64851-D005-44DD-82BA-FBB42846B9D8}.Debug|Win32.Build.0 = Debug|Win32
		{2AF64851-D005-44DD-82BA-FBB42846B9D8}.Release|Win32.ActiveCfg = Release|Win32
		{2AF64851-D005-44DD-82BA-FBB42846B9D8}.Release|Win32.Build.0 = Release|Win32
		{403DC96F-B2C6-4C36-A1D2-2853B84E62C9}.Debug|Win32.ActiveCfg = Debug|Win32
		{403DC96F-B2C6-4C36-A1D2-2853B84E62C9}.Debug|Win32.Build.0 = Debug|Win32
		{403DC96F-B2C6-4C36-A1D2-2853B84E62C9}.Release|Win32.ActiveCfg = Release|Win32
		{403DC96F-B2C6-4C36-A1D2-2853B84E62C9}.Release|Win32.Build.0 = Release|Win32
	EndGlobalSection
	GlobalSection(SolutionProperties) = preSolution
		HideSolutionNode = FALSE
	EndGlobalSection
EndGlobal
